
Microsoft Visual Studio Solution File, Format Version 12.00
# Visual Studio Version 17
VisualStudioVersion = 17.12.35514.174
MinimumVisualStudioVersion = 10.0.40219.1
Project("{FAE04EC0-301F-11D3-BF4B-00C04F79EFBC}") = "DoniranjeOrgana", "DoniranjeOrgana\DoniranjeOrgana.csproj", "{3B13DB91-50EB-47B0-A0D8-001970DFF31B}"
EndProject
Project("{FAE04EC0-301F-11D3-BF4B-00C04F79EFBC}") = "DoniranjeOrgana.Models", "DoniranjeOrgana.Models\DoniranjeOrgana.Models.csproj", "{2FD89DA7-B3B4-4EC1-A3D6-7A3E05485602}"
EndProject
Project("{FAE04EC0-301F-11D3-BF4B-00C04F79EFBC}") = "DoniranjeOrgana.Services", "DoniranjeOrgana.Services\DoniranjeOrgana.Services.csproj", "{4BAFA2C0-F82F-4CCD-8B3F-40A0B9DBF839}"
EndProject
Project("{FAE04EC0-301F-11D3-BF4B-00C04F79EFBC}") = "DoniranjeOrgana.Subscriber", "DoniranjeOrgana.Subscriber\DoniranjeOrgana.Subscriber.csproj", "{B616754B-EC76-416D-904B-197964A579DE}"
EndProject
Global
	GlobalSection(SolutionConfigurationPlatforms) = preSolution
		Debug|Any CPU = Debug|Any CPU
		Release|Any CPU = Release|Any CPU
	EndGlobalSection
	GlobalSection(ProjectConfigurationPlatforms) = postSolution
		{3B13DB91-50EB-47B0-A0D8-001970DFF31B}.Debug|Any CPU.ActiveCfg = Debug|Any CPU
		{3B13DB91-50EB-47B0-A0D8-001970DFF31B}.Debug|Any CPU.Build.0 = Debug|Any CPU
		{3B13DB91-50EB-47B0-A0D8-001970DFF31B}.Release|Any CPU.ActiveCfg = Release|Any CPU
		{3B13DB91-50EB-47B0-A0D8-001970DFF31B}.Release|Any CPU.Build.0 = Release|Any CPU
		{2FD89DA7-B3B4-4EC1-A3D6-7A3E05485602}.Debug|Any CPU.ActiveCfg = Debug|Any CPU
		{2FD89DA7-B3B4-4EC1-A3D6-7A3E05485602}.Debug|Any CPU.Build.0 = Debug|Any CPU
		{2FD89DA7-B3B4-4EC1-A3D6-7A3E05485602}.Release|Any CPU.ActiveCfg = Release|Any CPU
		{2FD89DA7-B3B4-4EC1-A3D6-7A3E05485602}.Release|Any CPU.Build.0 = Release|Any CPU
		{4BAFA2C0-F82F-4CCD-8B3F-40A0B9DBF839}.Debug|Any CPU.ActiveCfg = Debug|Any CPU
		{4BAFA2C0-F82F-4CCD-8B3F-40A0B9DBF839}.Debug|Any CPU.Build.0 = Debug|Any CPU
		{4BAFA2C0-F82F-4CCD-8B3F-40A0B9DBF839}.Release|Any CPU.ActiveCfg = Release|Any CPU
		{4BAFA2C0-F82F-4CCD-8B3F-40A0B9DBF839}.Release|Any CPU.Build.0 = Release|Any CPU
		{B616754B-EC76-416D-904B-197964A579DE}.Debug|Any CPU.ActiveCfg = Debug|Any CPU
		{B616754B-EC76-416D-904B-197964A579DE}.Debug|Any CPU.Build.0 = Debug|Any CPU
		{B616754B-EC76-416D-904B-197964A579DE}.Release|Any CPU.ActiveCfg = Release|Any CPU
		{B616754B-EC76-416D-904B-197964A579DE}.Release|Any CPU.Build.0 = Release|Any CPU
	EndGlobalSection
	GlobalSection(SolutionProperties) = preSolution
		HideSolutionNode = FALSE
	EndGlobalSection
EndGlobal
