
Microsoft Visual Studio Solution File, Format Version 12.00
# Visual Studio Version 17
VisualStudioVersion = 17.12.35514.174 d17.12
MinimumVisualStudioVersion = 10.0.40219.1
Project("{FAE04EC0-301F-11D3-BF4B-00C04F79EFBC}") = "doniranjeOrganaApi", "doniranjeOrganaApi\doniranjeOrganaApi.csproj", "{D3004EDF-F9F9-4C55-AF0A-945318C80CCE}"
EndProject
Project("{FAE04EC0-301F-11D3-BF4B-00C04F79EFBC}") = "doniranjeOrgana.Models", "doniranjeOrgana.Models\doniranjeOrgana.Models.csproj", "{8B8337AA-3E1A-4AA7-AAEA-6FCFAC11FB04}"
EndProject
Project("{FAE04EC0-301F-11D3-BF4B-00C04F79EFBC}") = "doniranjeOrgana.Services", "doniranjeOrgana.Services\doniranjeOrgana.Services.csproj", "{785E4052-BFE6-4970-9298-A46BFC395F08}"
EndProject
Global
	GlobalSection(SolutionConfigurationPlatforms) = preSolution
		Debug|Any CPU = Debug|Any CPU
		Release|Any CPU = Release|Any CPU
	EndGlobalSection
	GlobalSection(ProjectConfigurationPlatforms) = postSolution
		{D3004EDF-F9F9-4C55-AF0A-945318C80CCE}.Debug|Any CPU.ActiveCfg = Debug|Any CPU
		{D3004EDF-F9F9-4C55-AF0A-945318C80CCE}.Debug|Any CPU.Build.0 = Debug|Any CPU
		{D3004EDF-F9F9-4C55-AF0A-945318C80CCE}.Release|Any CPU.ActiveCfg = Release|Any CPU
		{D3004EDF-F9F9-4C55-AF0A-945318C80CCE}.Release|Any CPU.Build.0 = Release|Any CPU
		{8B8337AA-3E1A-4AA7-AAEA-6FCFAC11FB04}.Debug|Any CPU.ActiveCfg = Debug|Any CPU
		{8B8337AA-3E1A-4AA7-AAEA-6FCFAC11FB04}.Debug|Any CPU.Build.0 = Debug|Any CPU
		{8B8337AA-3E1A-4AA7-AAEA-6FCFAC11FB04}.Release|Any CPU.ActiveCfg = Release|Any CPU
		{8B8337AA-3E1A-4AA7-AAEA-6FCFAC11FB04}.Release|Any CPU.Build.0 = Release|Any CPU
		{785E4052-BFE6-4970-9298-A46BFC395F08}.Debug|Any CPU.ActiveCfg = Debug|Any CPU
		{785E4052-BFE6-4970-9298-A46BFC395F08}.Debug|Any CPU.Build.0 = Debug|Any CPU
		{785E4052-BFE6-4970-9298-A46BFC395F08}.Release|Any CPU.ActiveCfg = Release|Any CPU
		{785E4052-BFE6-4970-9298-A46BFC395F08}.Release|Any CPU.Build.0 = Release|Any CPU
	EndGlobalSection
	GlobalSection(SolutionProperties) = preSolution
		HideSolutionNode = FALSE
	EndGlobalSection
EndGlobal
